
Microsoft Visual Studio Solution File, Format Version 12.00
# Visual Studio Version 17
VisualStudioVersion = 17.8.34330.188
MinimumVisualStudioVersion = 10.0.40219.1
Project("{9A19103F-16F7-4668-BE54-9A1E7A4F7556}") = "API", "API.csproj", "{2B594CEC-DAB5-4D6B-AE86-3127C5B96576}"
EndProject
Project("{9A19103F-16F7-4668-BE54-9A1E7A4F7556}") = "Domain", "..\Domain\Domain.csproj", "{5570C87F-35C8-4F47-BB40-7F754B03BA83}"
EndProject
Project("{9A19103F-16F7-4668-BE54-9A1E7A4F7556}") = "Application", "..\Application\Application.csproj", "{EC803495-8C05-44BF-A629-7A5C329A13F9}"
EndProject
Project("{9A19103F-16F7-4668-BE54-9A1E7A4F7556}") = "Infrastructure", "..\Infracstructure\Infrastructure.csproj", "{D8AB2029-934C-421C-8756-CE2EF371FB56}"
EndProject
Global
	GlobalSection(SolutionConfigurationPlatforms) = preSolution
		Debug|Any CPU = Debug|Any CPU
		Release|Any CPU = Release|Any CPU
	EndGlobalSection
	GlobalSection(ProjectConfigurationPlatforms) = postSolution
		{2B594CEC-DAB5-4D6B-AE86-3127C5B96576}.Debug|Any CPU.ActiveCfg = Debug|Any CPU
		{2B594CEC-DAB5-4D6B-AE86-3127C5B96576}.Debug|Any CPU.Build.0 = Debug|Any CPU
		{2B594CEC-DAB5-4D6B-AE86-3127C5B96576}.Release|Any CPU.ActiveCfg = Release|Any CPU
		{2B594CEC-DAB5-4D6B-AE86-3127C5B96576}.Release|Any CPU.Build.0 = Release|Any CPU
		{5570C87F-35C8-4F47-BB40-7F754B03BA83}.Debug|Any CPU.ActiveCfg = Debug|Any CPU
		{5570C87F-35C8-4F47-BB40-7F754B03BA83}.Debug|Any CPU.Build.0 = Debug|Any CPU
		{5570C87F-35C8-4F47-BB40-7F754B03BA83}.Release|Any CPU.ActiveCfg = Release|Any CPU
		{5570C87F-35C8-4F47-BB40-7F754B03BA83}.Release|Any CPU.Build.0 = Release|Any CPU
		{EC803495-8C05-44BF-A629-7A5C329A13F9}.Debug|Any CPU.ActiveCfg = Debug|Any CPU
		{EC803495-8C05-44BF-A629-7A5C329A13F9}.Debug|Any CPU.Build.0 = Debug|Any CPU
		{EC803495-8C05-44BF-A629-7A5C329A13F9}.Release|Any CPU.ActiveCfg = Release|Any CPU
		{EC803495-8C05-44BF-A629-7A5C329A13F9}.Release|Any CPU.Build.0 = Release|Any CPU
		{D8AB2029-934C-421C-8756-CE2EF371FB56}.Debug|Any CPU.ActiveCfg = Debug|Any CPU
		{D8AB2029-934C-421C-8756-CE2EF371FB56}.Debug|Any CPU.Build.0 = Debug|Any CPU
		{D8AB2029-934C-421C-8756-CE2EF371FB56}.Release|Any CPU.ActiveCfg = Release|Any CPU
		{D8AB2029-934C-421C-8756-CE2EF371FB56}.Release|Any CPU.Build.0 = Release|Any CPU
	EndGlobalSection
	GlobalSection(SolutionProperties) = preSolution
		HideSolutionNode = FALSE
	EndGlobalSection
	GlobalSection(ExtensibilityGlobals) = postSolution
		SolutionGuid = {FCCA0FC2-BE7D-4EF4-A9CA-FD94A195D801}
	EndGlobalSection
EndGlobal
